
Microsoft Visual Studio Solution File, Format Version 12.00
# Visual Studio Version 16
VisualStudioVersion = 16.0.29319.158
MinimumVisualStudioVersion = 10.0.40219.1
Project("{9A19103F-16F7-4668-BE54-9A1E7A4F7556}") = "SignalRCorePractice", "SignalRCorePractice\SignalRCorePractice.csproj", "{FE3D274F-2B1D-41EA-AD7C-A808FE2F5477}"
EndProject
Project("{9A19103F-16F7-4668-BE54-9A1E7A4F7556}") = "SignalRClientWpf", "SignalRClientWpf\SignalRClientWpf.csproj", "{A702F9AD-2CB4-4CFD-BF5E-A7798F97FF5A}"
EndProject
Project("{9A19103F-16F7-4668-BE54-9A1E7A4F7556}") = "SignalRClientWpfSendObject", "SignalRClientWpfSendObject\SignalRClientWpfSendObject.csproj", "{8C632D4A-7264-4CD9-89DC-BBD213F19642}"
EndProject
Project("{9A19103F-16F7-4668-BE54-9A1E7A4F7556}") = "Shared", "Shared\Shared.csproj", "{09ADE6DC-73F0-45D2-B767-497AF79B67D7}"
EndProject
Project("{FAE04EC0-301F-11D3-BF4B-00C04F79EFBC}") = "CrossDomainSignalR", "CrossDomainSignalR\CrossDomainSignalR.csproj", "{BBD9FDEC-E327-4E6E-B104-B6864A180340}"
EndProject
Global
	GlobalSection(SolutionConfigurationPlatforms) = preSolution
		Debug|Any CPU = Debug|Any CPU
		Release|Any CPU = Release|Any CPU
	EndGlobalSection
	GlobalSection(ProjectConfigurationPlatforms) = postSolution
		{FE3D274F-2B1D-41EA-AD7C-A808FE2F5477}.Debug|Any CPU.ActiveCfg = Debug|Any CPU
		{FE3D274F-2B1D-41EA-AD7C-A808FE2F5477}.Debug|Any CPU.Build.0 = Debug|Any CPU
		{FE3D274F-2B1D-41EA-AD7C-A808FE2F5477}.Release|Any CPU.ActiveCfg = Release|Any CPU
		{FE3D274F-2B1D-41EA-AD7C-A808FE2F5477}.Release|Any CPU.Build.0 = Release|Any CPU
		{A702F9AD-2CB4-4CFD-BF5E-A7798F97FF5A}.Debug|Any CPU.ActiveCfg = Debug|Any CPU
		{A702F9AD-2CB4-4CFD-BF5E-A7798F97FF5A}.Debug|Any CPU.Build.0 = Debug|Any CPU
		{A702F9AD-2CB4-4CFD-BF5E-A7798F97FF5A}.Release|Any CPU.ActiveCfg = Release|Any CPU
		{A702F9AD-2CB4-4CFD-BF5E-A7798F97FF5A}.Release|Any CPU.Build.0 = Release|Any CPU
		{8C632D4A-7264-4CD9-89DC-BBD213F19642}.Debug|Any CPU.ActiveCfg = Debug|Any CPU
		{8C632D4A-7264-4CD9-89DC-BBD213F19642}.Debug|Any CPU.Build.0 = Debug|Any CPU
		{8C632D4A-7264-4CD9-89DC-BBD213F19642}.Release|Any CPU.ActiveCfg = Release|Any CPU
		{8C632D4A-7264-4CD9-89DC-BBD213F19642}.Release|Any CPU.Build.0 = Release|Any CPU
		{09ADE6DC-73F0-45D2-B767-497AF79B67D7}.Debug|Any CPU.ActiveCfg = Debug|Any CPU
		{09ADE6DC-73F0-45D2-B767-497AF79B67D7}.Debug|Any CPU.Build.0 = Debug|Any CPU
		{09ADE6DC-73F0-45D2-B767-497AF79B67D7}.Release|Any CPU.ActiveCfg = Release|Any CPU
		{09ADE6DC-73F0-45D2-B767-497AF79B67D7}.Release|Any CPU.Build.0 = Release|Any CPU
		{BBD9FDEC-E327-4E6E-B104-B6864A180340}.Debug|Any CPU.ActiveCfg = Debug|Any CPU
		{BBD9FDEC-E327-4E6E-B104-B6864A180340}.Debug|Any CPU.Build.0 = Debug|Any CPU
		{BBD9FDEC-E327-4E6E-B104-B6864A180340}.Release|Any CPU.ActiveCfg = Release|Any CPU
		{BBD9FDEC-E327-4E6E-B104-B6864A180340}.Release|Any CPU.Build.0 = Release|Any CPU
	EndGlobalSection
	GlobalSection(SolutionProperties) = preSolution
		HideSolutionNode = FALSE
	EndGlobalSection
	GlobalSection(ExtensibilityGlobals) = postSolution
		SolutionGuid = {DCD50021-274F-4031-9A9F-DCE0315A3C4F}
	EndGlobalSection
EndGlobal
